
Microsoft Visual Studio Solution File, Format Version 12.00
# Visual Studio Version 16
VisualStudioVersion = 16.0.29020.237
MinimumVisualStudioVersion = 10.0.40219.1
Project("{FAE04EC0-301F-11D3-BF4B-00C04F79EFBC}") = "Split", "Split\Split.csproj", "{946A95E0-21A4-40AC-9637-AC109BE8DAD7}"
EndProject
Global
	GlobalSection(SolutionConfigurationPlatforms) = preSolution
		Debug|Any CPU = Debug|Any CPU
		Release|Any CPU = Release|Any CPU
	EndGlobalSection
	GlobalSection(ProjectConfigurationPlatforms) = postSolution
		{946A95E0-21A4-40AC-9637-AC109BE8DAD7}.Debug|Any CPU.ActiveCfg = Debug|Any CPU
		{946A95E0-21A4-40AC-9637-AC109BE8DAD7}.Debug|Any CPU.Build.0 = Debug|Any CPU
		{946A95E0-21A4-40AC-9637-AC109BE8DAD7}.Release|Any CPU.ActiveCfg = Release|Any CPU
		{946A95E0-21A4-40AC-9637-AC109BE8DAD7}.Release|Any CPU.Build.0 = Release|Any CPU
	EndGlobalSection
	GlobalSection(SolutionProperties) = preSolution
		HideSolutionNode = FALSE
	EndGlobalSection
	GlobalSection(ExtensibilityGlobals) = postSolution
		SolutionGuid = {7BAA3EC5-DB8B-4DCD-9BFA-E357B360F32F}
	EndGlobalSection
EndGlobal
